
Microsoft Visual Studio Solution File, Format Version 12.00
# Visual Studio Version 16
VisualStudioVersion = 16.0.29613.14
MinimumVisualStudioVersion = 10.0.40219.1
Project("{FAE04EC0-301F-11D3-BF4B-00C04F79EFBC}") = "TelegramBot1", "TelegramBot1\TelegramBot1.csproj", "{F362B7B2-9430-4E08-8118-BDB1653ADDB2}"
EndProject
Global
	GlobalSection(SolutionConfigurationPlatforms) = preSolution
		Debug|Any CPU = Debug|Any CPU
		Release|Any CPU = Release|Any CPU
	EndGlobalSection
	GlobalSection(ProjectConfigurationPlatforms) = postSolution
		{F362B7B2-9430-4E08-8118-BDB1653ADDB2}.Debug|Any CPU.ActiveCfg = Debug|Any CPU
		{F362B7B2-9430-4E08-8118-BDB1653ADDB2}.Debug|Any CPU.Build.0 = Debug|Any CPU
		{F362B7B2-9430-4E08-8118-BDB1653ADDB2}.Release|Any CPU.ActiveCfg = Release|Any CPU
		{F362B7B2-9430-4E08-8118-BDB1653ADDB2}.Release|Any CPU.Build.0 = Release|Any CPU
	EndGlobalSection
	GlobalSection(SolutionProperties) = preSolution
		HideSolutionNode = FALSE
	EndGlobalSection
	GlobalSection(ExtensibilityGlobals) = postSolution
		SolutionGuid = {3C4F0835-9DB9-4132-A6AB-8A0E58AC4598}
	EndGlobalSection
EndGlobal
